
Microsoft Visual Studio Solution File, Format Version 12.00
# Visual Studio Version 16
VisualStudioVersion = 16.0.30104.148
MinimumVisualStudioVersion = 10.0.40219.1
Project("{FAE04EC0-301F-11D3-BF4B-00C04F79EFBC}") = "Submissions.API", "Submissions.API\Submissions.API.csproj", "{4BBD3302-6960-49EE-AB87-32A9D5286C70}"
EndProject
Global
	GlobalSection(SolutionConfigurationPlatforms) = preSolution
		Debug|Any CPU = Debug|Any CPU
		Release|Any CPU = Release|Any CPU
	EndGlobalSection
	GlobalSection(ProjectConfigurationPlatforms) = postSolution
		{4BBD3302-6960-49EE-AB87-32A9D5286C70}.Debug|Any CPU.ActiveCfg = Debug|Any CPU
		{4BBD3302-6960-49EE-AB87-32A9D5286C70}.Debug|Any CPU.Build.0 = Debug|Any CPU
		{4BBD3302-6960-49EE-AB87-32A9D5286C70}.Release|Any CPU.ActiveCfg = Release|Any CPU
		{4BBD3302-6960-49EE-AB87-32A9D5286C70}.Release|Any CPU.Build.0 = Release|Any CPU
	EndGlobalSection
	GlobalSection(SolutionProperties) = preSolution
		HideSolutionNode = FALSE
	EndGlobalSection
	GlobalSection(ExtensibilityGlobals) = postSolution
		SolutionGuid = {2C1751A8-673E-42DE-9D4F-2C7BA83AA785}
	EndGlobalSection
EndGlobal
